
Microsoft Visual Studio Solution File, Format Version 12.00
# Visual Studio 15
VisualStudioVersion = 15.0.26730.16
MinimumVisualStudioVersion = 10.0.40219.1
Project("{9A19103F-16F7-4668-BE54-9A1E7A4F7556}") = "PIT.BAL", "PIT.BAL\PIT.BAL.csproj", "{58D79B27-2D29-4B7F-93A6-3EAB7F4EC4BE}"
EndProject
Project("{9A19103F-16F7-4668-BE54-9A1E7A4F7556}") = "PIT.API", "PIT.API\PIT.API.csproj", "{BFFDA07E-9562-4424-B1BD-D4E68AFF55A7}"
EndProject
Project("{9A19103F-16F7-4668-BE54-9A1E7A4F7556}") = "PIT.DBL", "PIT.DBL\PIT.DBL.csproj", "{0C497CD7-6D23-4E1B-A547-6BCC1123F6E4}"
EndProject
Global
	GlobalSection(SolutionConfigurationPlatforms) = preSolution
		Debug|Any CPU = Debug|Any CPU
		Release|Any CPU = Release|Any CPU
	EndGlobalSection
	GlobalSection(ProjectConfigurationPlatforms) = postSolution
		{58D79B27-2D29-4B7F-93A6-3EAB7F4EC4BE}.Debug|Any CPU.ActiveCfg = Debug|Any CPU
		{58D79B27-2D29-4B7F-93A6-3EAB7F4EC4BE}.Debug|Any CPU.Build.0 = Debug|Any CPU
		{58D79B27-2D29-4B7F-93A6-3EAB7F4EC4BE}.Release|Any CPU.ActiveCfg = Release|Any CPU
		{58D79B27-2D29-4B7F-93A6-3EAB7F4EC4BE}.Release|Any CPU.Build.0 = Release|Any CPU
		{BFFDA07E-9562-4424-B1BD-D4E68AFF55A7}.Debug|Any CPU.ActiveCfg = Debug|Any CPU
		{BFFDA07E-9562-4424-B1BD-D4E68AFF55A7}.Debug|Any CPU.Build.0 = Debug|Any CPU
		{BFFDA07E-9562-4424-B1BD-D4E68AFF55A7}.Release|Any CPU.ActiveCfg = Release|Any CPU
		{BFFDA07E-9562-4424-B1BD-D4E68AFF55A7}.Release|Any CPU.Build.0 = Release|Any CPU
		{0C497CD7-6D23-4E1B-A547-6BCC1123F6E4}.Debug|Any CPU.ActiveCfg = Debug|Any CPU
		{0C497CD7-6D23-4E1B-A547-6BCC1123F6E4}.Debug|Any CPU.Build.0 = Debug|Any CPU
		{0C497CD7-6D23-4E1B-A547-6BCC1123F6E4}.Release|Any CPU.ActiveCfg = Release|Any CPU
		{0C497CD7-6D23-4E1B-A547-6BCC1123F6E4}.Release|Any CPU.Build.0 = Release|Any CPU
	EndGlobalSection
	GlobalSection(SolutionProperties) = preSolution
		HideSolutionNode = FALSE
	EndGlobalSection
	GlobalSection(ExtensibilityGlobals) = postSolution
		SolutionGuid = {BEB02CE4-03AB-4ABB-A24B-2A8DEC644D85}
	EndGlobalSection
EndGlobal
